
Microsoft Visual Studio Solution File, Format Version 12.00
# Visual Studio Version 17
VisualStudioVersion = 17.4.33213.308
MinimumVisualStudioVersion = 10.0.40219.1
Project("{FAE04EC0-301F-11D3-BF4B-00C04F79EFBC}") = "BubbleSort", "BubbleSort.csproj", "{98EA8E98-F622-4D21-9EFC-4F7DCE79054E}"
EndProject
Global
	GlobalSection(SolutionConfigurationPlatforms) = preSolution
		Debug|Any CPU = Debug|Any CPU
		Release|Any CPU = Release|Any CPU
	EndGlobalSection
	GlobalSection(ProjectConfigurationPlatforms) = postSolution
		{98EA8E98-F622-4D21-9EFC-4F7DCE79054E}.Debug|Any CPU.ActiveCfg = Debug|Any CPU
		{98EA8E98-F622-4D21-9EFC-4F7DCE79054E}.Debug|Any CPU.Build.0 = Debug|Any CPU
		{98EA8E98-F622-4D21-9EFC-4F7DCE79054E}.Release|Any CPU.ActiveCfg = Release|Any CPU
		{98EA8E98-F622-4D21-9EFC-4F7DCE79054E}.Release|Any CPU.Build.0 = Release|Any CPU
	EndGlobalSection
	GlobalSection(SolutionProperties) = preSolution
		HideSolutionNode = FALSE
	EndGlobalSection
	GlobalSection(ExtensibilityGlobals) = postSolution
		SolutionGuid = {0B8AB17C-1A23-44D8-A502-D80C8A6FCA6D}
	EndGlobalSection
EndGlobal
